
Microsoft Visual Studio Solution File, Format Version 12.00
# Visual Studio Version 17
VisualStudioVersion = 17.2.32505.173
MinimumVisualStudioVersion = 10.0.40219.1
Project("{FAE04EC0-301F-11D3-BF4B-00C04F79EFBC}") = "Democracy.Web", "Democracy.Web\Democracy.Web.csproj", "{A4991762-92CD-4C86-817C-DA576E3E0090}"
EndProject
Project("{2150E333-8FDC-42A3-9474-1A3956D46DE8}") = "Postman", "Postman", "{1A9C8A85-4132-44BF-956D-249C77BCCBC2}"
	ProjectSection(SolutionItems) = preProject
		Democracy.postman_collection.json = Democracy.postman_collection.json
	EndProjectSection
EndProject
Global
	GlobalSection(SolutionConfigurationPlatforms) = preSolution
		Debug|Any CPU = Debug|Any CPU
		Release|Any CPU = Release|Any CPU
	EndGlobalSection
	GlobalSection(ProjectConfigurationPlatforms) = postSolution
		{A4991762-92CD-4C86-817C-DA576E3E0090}.Debug|Any CPU.ActiveCfg = Debug|Any CPU
		{A4991762-92CD-4C86-817C-DA576E3E0090}.Debug|Any CPU.Build.0 = Debug|Any CPU
		{A4991762-92CD-4C86-817C-DA576E3E0090}.Release|Any CPU.ActiveCfg = Release|Any CPU
		{A4991762-92CD-4C86-817C-DA576E3E0090}.Release|Any CPU.Build.0 = Release|Any CPU
	EndGlobalSection
	GlobalSection(SolutionProperties) = preSolution
		HideSolutionNode = FALSE
	EndGlobalSection
	GlobalSection(ExtensibilityGlobals) = postSolution
		SolutionGuid = {315F0121-39A8-48AD-82BC-42497A3AE2DB}
	EndGlobalSection
EndGlobal
